
Microsoft Visual Studio Solution File, Format Version 12.00
# Visual Studio Version 16
VisualStudioVersion = 16.0.30626.31
MinimumVisualStudioVersion = 10.0.40219.1
Project("{FAE04EC0-301F-11D3-BF4B-00C04F79EFBC}") = "ApiGateway", "ApiGateway\ApiGateway.csproj", "{10F37023-198B-4858-93B8-69F73D9863E4}"
EndProject
Project("{E53339B2-1760-4266-BCC7-CA923CBCF16C}") = "docker-compose", "docker-compose.dcproj", "{6EE46C2B-7341-48EF-BBDC-0D145ADD86DC}"
EndProject
Global
	GlobalSection(SolutionConfigurationPlatforms) = preSolution
		Debug|Any CPU = Debug|Any CPU
		Release|Any CPU = Release|Any CPU
	EndGlobalSection
	GlobalSection(ProjectConfigurationPlatforms) = postSolution
		{10F37023-198B-4858-93B8-69F73D9863E4}.Debug|Any CPU.ActiveCfg = Debug|Any CPU
		{10F37023-198B-4858-93B8-69F73D9863E4}.Debug|Any CPU.Build.0 = Debug|Any CPU
		{10F37023-198B-4858-93B8-69F73D9863E4}.Release|Any CPU.ActiveCfg = Release|Any CPU
		{10F37023-198B-4858-93B8-69F73D9863E4}.Release|Any CPU.Build.0 = Release|Any CPU
		{6EE46C2B-7341-48EF-BBDC-0D145ADD86DC}.Debug|Any CPU.ActiveCfg = Debug|Any CPU
		{6EE46C2B-7341-48EF-BBDC-0D145ADD86DC}.Debug|Any CPU.Build.0 = Debug|Any CPU
		{6EE46C2B-7341-48EF-BBDC-0D145ADD86DC}.Release|Any CPU.ActiveCfg = Release|Any CPU
		{6EE46C2B-7341-48EF-BBDC-0D145ADD86DC}.Release|Any CPU.Build.0 = Release|Any CPU
	EndGlobalSection
	GlobalSection(SolutionProperties) = preSolution
		HideSolutionNode = FALSE
	EndGlobalSection
	GlobalSection(ExtensibilityGlobals) = postSolution
		SolutionGuid = {FFA61645-0624-4C5B-B6B1-5DE1B622918D}
	EndGlobalSection
EndGlobal
